{
  "lockfile_version": "1",
  "packages": {
    "autoconf@latest": {
      "last_modified": "2026-03-02T11:03:52Z",
      "resolved": "github:NixOS/nixpkgs/dc7513872406b53d2ff417a003895d6daffdff2f#autoconf",
      "source": "devbox-search",
      "version": "2.72",
      "systems": {
        "aarch64-darwin": {
          "outputs": [
            {
              "name": "out",
              "path": "/nix/store/wmw82jsa77svifbi5zv4s1hpwz29d9g1-autoconf-2.72",
              "default": true
            },
            {
              "name": "doc",
              "path": "/nix/store/8n7m20wvvibbd0g7a3sl1xhqzf6w96js-autoconf-2.72-doc"
            }
          ],
          "store_path": "/nix/store/wmw82jsa77svifbi5zv4s1hpwz29d9g1-autoconf-2.72"
        },
        "aarch64-linux": {
          "outputs": [
            {
              "name": "out",
              "path": "/nix/store/q1dy564a0p4s1smmjpiak4si9yrqk6xr-autoconf-2.72",
              "default": true
            },
            {
              "name": "doc",
              "path": "/nix/store/hqgj3knrrzgq42vs1a3sl81iih3jk2al-autoconf-2.72-doc"
            }
          ],
          "store_path": "/nix/store/q1dy564a0p4s1smmjpiak4si9yrqk6xr-autoconf-2.72"
        },
        "x86_64-darwin": {
          "outputs": [
            {
              "name": "out",
              "path": "/nix/store/m102c496qwyz36d40x3f2b5w5if7gvf4-autoconf-2.72",
              "default": true
            },
            {
              "name": "doc",
              "path": "/nix/store/5lgmpgsd2z40y1crjz71hs0mwmwaj89x-autoconf-2.72-doc"
            }
          ],
          "store_path": "/nix/store/m102c496qwyz36d40x3f2b5w5if7gvf4-autoconf-2.72"
        },
        "x86_64-linux": {
          "outputs": [
            {
              "name": "out",
              "path": "/nix/store/a2yh1crilf3p3vm6485nzr2xg5c9pfzc-autoconf-2.72",
              "default": true
            },
            {
              "name": "doc",
              "path": "/nix/store/004vhy7khw320hmij7pqqqxi815ph9qh-autoconf-2.72-doc"
            }
          ],
          "store_path": "/nix/store/a2yh1crilf3p3vm6485nzr2xg5c9pfzc-autoconf-2.72"
        }
      }
    },
    "chromedriver@latest": {
      "last_modified": "2026-01-15T05:51:10Z",
      "resolved": "github:NixOS/nixpkgs/f4606b01b39e09065df37905a2133905246db9ed#chromedriver",
      "source": "devbox-search",
      "version": "144.0.7559.60",
      "systems": {
        "aarch64-darwin": {
          "outputs": [
            {
              "name": "out",
              "path": "/nix/store/mjwbzbla3h7gmaihw9idx4fqzfqlgsaa-chromedriver-144.0.7559.60",
              "default": true
            }
          ],
          "store_path": "/nix/store/mjwbzbla3h7gmaihw9idx4fqzfqlgsaa-chromedriver-144.0.7559.60"
        },
        "x86_64-darwin": {
          "outputs": [
            {
              "name": "out",
              "path": "/nix/store/9vmq8c1hjiaf5n7lpl27isszgrmlhadr-chromedriver-144.0.7559.60",
              "default": true
            }
          ],
          "store_path": "/nix/store/9vmq8c1hjiaf5n7lpl27isszgrmlhadr-chromedriver-144.0.7559.60"
        }
      }
    },
    "gcc@latest": {
      "last_modified": "2025-12-31T03:27:36Z",
      "resolved": "github:NixOS/nixpkgs/f665af0cdb70ed27e1bd8f9fdfecaf451260fc55#gcc",
      "source": "devbox-search",
      "version": "15.2.0",
      "systems": {
        "aarch64-darwin": {
          "outputs": [
            {
              "name": "out",
              "path": "/nix/store/cjkf5fm587xv34pz9zfs3q2qpvij61fz-gcc-wrapper-15.2.0",
              "default": true
            },
            {
              "name": "man",
              "path": "/nix/store/n9c07ydj81mzvxl4fyv71sr0bh6hlqx7-gcc-wrapper-15.2.0-man",
              "default": true
            },
            {
              "name": "info",
              "path": "/nix/store/r086c97c0vkdq9n8dnpm5zjbhnqs96i5-gcc-wrapper-15.2.0-info"
            }
          ],
          "store_path": "/nix/store/cjkf5fm587xv34pz9zfs3q2qpvij61fz-gcc-wrapper-15.2.0"
        },
        "aarch64-linux": {
          "outputs": [
            {
              "name": "out",
              "path": "/nix/store/484f8q8xa48icqgdq9b67vhq8clcqjy9-gcc-wrapper-15.2.0",
              "default": true
            },
            {
              "name": "man",
              "path": "/nix/store/i5w0g1mv1gsjqwb88s676h7r6bf0dkck-gcc-wrapper-15.2.0-man",
              "default": true
            },
            {
              "name": "info",
              "path": "/nix/store/wwsyxl18xjb1f6pg2xv69agggcyp5zqm-gcc-wrapper-15.2.0-info"
            }
          ],
          "store_path": "/nix/store/484f8q8xa48icqgdq9b67vhq8clcqjy9-gcc-wrapper-15.2.0"
        },
        "x86_64-darwin": {
          "outputs": [
            {
              "name": "out",
              "path": "/nix/store/gda582qvway6j4vzb59mcj0gyd27hn74-gcc-wrapper-15.2.0",
              "default": true
            },
            {
              "name": "man",
              "path": "/nix/store/32lvjag88g789138a1z93bid19cs63ih-gcc-wrapper-15.2.0-man",
              "default": true
            },
            {
              "name": "info",
              "path": "/nix/store/zb55nrn2w6nd97vxgwn8j9xsb1s114mv-gcc-wrapper-15.2.0-info"
            }
          ],
          "store_path": "/nix/store/gda582qvway6j4vzb59mcj0gyd27hn74-gcc-wrapper-15.2.0"
        },
        "x86_64-linux": {
          "outputs": [
            {
              "name": "out",
              "path": "/nix/store/r9wbjib6xxjkyb9yvjvrkl4sq61i2lyn-gcc-wrapper-15.2.0",
              "default": true
            },
            {
              "name": "man",
              "path": "/nix/store/q6dzfz3cm4s2pd55zmmb8jrjlzsr82jp-gcc-wrapper-15.2.0-man",
              "default": true
            },
            {
              "name": "info",
              "path": "/nix/store/6jgb7knb0y6df1ni0kiwbmzg8kp193sk-gcc-wrapper-15.2.0-info"
            }
          ],
          "store_path": "/nix/store/r9wbjib6xxjkyb9yvjvrkl4sq61i2lyn-gcc-wrapper-15.2.0"
        }
      }
    },
    "git@latest": {
      "last_modified": "2025-12-31T03:27:36Z",
      "resolved": "github:NixOS/nixpkgs/f665af0cdb70ed27e1bd8f9fdfecaf451260fc55#git",
      "source": "devbox-search",
      "version": "2.52.0",
      "systems": {
        "aarch64-darwin": {
          "outputs": [
            {
              "name": "out",
              "path": "/nix/store/1xy62wrp3m91snd3cazxgg0yrplb6sav-git-2.52.0",
              "default": true
            },
            {
              "name": "doc",
              "path": "/nix/store/1518yqnr4z0p65jfv8skw2qwc30ad5la-git-2.52.0-doc"
            }
          ],
          "store_path": "/nix/store/1xy62wrp3m91snd3cazxgg0yrplb6sav-git-2.52.0"
        },
        "aarch64-linux": {
          "outputs": [
            {
              "name": "out",
              "path": "/nix/store/mfbr42w740arf759n51nhki221lang5z-git-2.52.0",
              "default": true
            },
            {
              "name": "debug",
              "path": "/nix/store/q0lq2fczq1y9q9028k4ripf38mfy3n42-git-2.52.0-debug"
            },
            {
              "name": "doc",
              "path": "/nix/store/lm1plgvh8qlv0amm8wiz8l00ky298hws-git-2.52.0-doc"
            }
          ],
          "store_path": "/nix/store/mfbr42w740arf759n51nhki221lang5z-git-2.52.0"
        },
        "x86_64-darwin": {
          "outputs": [
            {
              "name": "out",
              "path": "/nix/store/0lxp1s4hb0xb0di1a5jg08rr8hk0cvz8-git-2.52.0",
              "default": true
            },
            {
              "name": "doc",
              "path": "/nix/store/a9903b6q3clvx61l8drkpr262fb5qmik-git-2.52.0-doc"
            }
          ],
          "store_path": "/nix/store/0lxp1s4hb0xb0di1a5jg08rr8hk0cvz8-git-2.52.0"
        },
        "x86_64-linux": {
          "outputs": [
            {
              "name": "out",
              "path": "/nix/store/fryiyyhhilpqhx2wc4b6l5gnxc8w18rg-git-2.52.0",
              "default": true
            },
            {
              "name": "debug",
              "path": "/nix/store/q6m51s4q8kddlh9b9rb63v1yqvlv3xgp-git-2.52.0-debug"
            },
            {
              "name": "doc",
              "path": "/nix/store/n4zq81winwf8d5y2ra7fjznwl6cnhggz-git-2.52.0-doc"
            }
          ],
          "store_path": "/nix/store/fryiyyhhilpqhx2wc4b6l5gnxc8w18rg-git-2.52.0"
        }
      }
    },
    "github:NixOS/nixpkgs/nixpkgs-unstable": {
      "last_modified": "2026-01-20T02:11:35Z",
      "resolved": "github:NixOS/nixpkgs/ed142ab1b3a092c4d149245d0c4126a5d7ea00b0?lastModified=1768875095"
    },
    "glibcLocales@latest": {
      "last_modified": "2025-12-31T03:27:36Z",
      "resolved": "github:NixOS/nixpkgs/f665af0cdb70ed27e1bd8f9fdfecaf451260fc55#glibcLocales",
      "source": "devbox-search",
      "version": "2.40-66",
      "systems": {
        "aarch64-linux": {
          "outputs": [
            {
              "name": "out",
              "path": "/nix/store/0mrra8k6h7dvs6dmq3f4ilsm0v33d01z-glibc-locales-2.40-66",
              "default": true
            }
          ],
          "store_path": "/nix/store/0mrra8k6h7dvs6dmq3f4ilsm0v33d01z-glibc-locales-2.40-66"
        },
        "x86_64-linux": {
          "outputs": [
            {
              "name": "out",
              "path": "/nix/store/wmwyf3bxrhg5ssd477dp99986wh4mzmm-glibc-locales-2.40-66",
              "default": true
            }
          ],
          "store_path": "/nix/store/wmwyf3bxrhg5ssd477dp99986wh4mzmm-glibc-locales-2.40-66"
        }
      }
    },
    "gnumake@latest": {
      "last_modified": "2025-12-31T03:27:36Z",
      "resolved": "github:NixOS/nixpkgs/f665af0cdb70ed27e1bd8f9fdfecaf451260fc55#gnumake",
      "source": "devbox-search",
      "version": "4.4.1",
      "systems": {
        "aarch64-darwin": {
          "outputs": [
            {
              "name": "out",
              "path": "/nix/store/p15ia8pn2wxzdqaf07nrwdspfwsyrzyn-gnumake-4.4.1",
              "default": true
            },
            {
              "name": "man",
              "path": "/nix/store/b5lxm0lk6x1bix95n07cz810qfli84c5-gnumake-4.4.1-man",
              "default": true
            },
            {
              "name": "info",
              "path": "/nix/store/mmvr4hwsambcigjihl7lf3aiprhkdcd2-gnumake-4.4.1-info"
            }
          ],
          "store_path": "/nix/store/p15ia8pn2wxzdqaf07nrwdspfwsyrzyn-gnumake-4.4.1"
        },
        "aarch64-linux": {
          "outputs": [
            {
              "name": "out",
              "path": "/nix/store/644anc4jyqal79d739mwr5bxznb1i5qx-gnumake-4.4.1",
              "default": true
            },
            {
              "name": "man",
              "path": "/nix/store/3nailcskmiij9a4hb6dihaf0hqsfy7kg-gnumake-4.4.1-man",
              "default": true
            },
            {
              "name": "debug",
              "path": "/nix/store/nzgvdhdnqcg0bpcq4k2aa2zd5qmwgg9x-gnumake-4.4.1-debug"
            },
            {
              "name": "info",
              "path": "/nix/store/ij1n1xja5ixfhv4fqi5j8xlkbc80n1lc-gnumake-4.4.1-info"
            }
          ],
          "store_path": "/nix/store/644anc4jyqal79d739mwr5bxznb1i5qx-gnumake-4.4.1"
        },
        "x86_64-darwin": {
          "outputs": [
            {
              "name": "out",
              "path": "/nix/store/w1zxhygdjxaff1rrp6na4qkh9x4aks8p-gnumake-4.4.1",
              "default": true
            },
            {
              "name": "man",
              "path": "/nix/store/rv8sy3pwwdn90a5vzk47rm5rx8q040dc-gnumake-4.4.1-man",
              "default": true
            },
            {
              "name": "info",
              "path": "/nix/store/rbyz3pnr7n8wprrhy588siv2csisr5va-gnumake-4.4.1-info"
            }
          ],
          "store_path": "/nix/store/w1zxhygdjxaff1rrp6na4qkh9x4aks8p-gnumake-4.4.1"
        },
        "x86_64-linux": {
          "outputs": [
            {
              "name": "out",
              "path": "/nix/store/n5m6p0j4anvf5cyy79nb2qn7smkzs176-gnumake-4.4.1",
              "default": true
            },
            {
              "name": "man",
              "path": "/nix/store/9l7klscdz1cf1wdhm6ihd0as6dxlxg72-gnumake-4.4.1-man",
              "default": true
            },
            {
              "name": "debug",
              "path": "/nix/store/sg196gmr26wc93qj8ajzr5nw5hy54hfq-gnumake-4.4.1-debug"
            },
            {
              "name": "info",
              "path": "/nix/store/mcbi0v4cy602a08rkaxl3w3r3k1qmds2-gnumake-4.4.1-info"
            }
          ],
          "store_path": "/nix/store/n5m6p0j4anvf5cyy79nb2qn7smkzs176-gnumake-4.4.1"
        }
      }
    },
    "jdk11@latest": {
      "last_modified": "2025-10-22T20:59:19Z",
      "resolved": "github:NixOS/nixpkgs/01b6809f7f9d1183a2b3e081f0a1e6f8f415cb09#jdk11",
      "source": "devbox-search",
      "version": "11.0.24",
      "systems": {
        "aarch64-darwin": {
          "outputs": [
            {
              "name": "out",
              "path": "/nix/store/37hfzzxsxbvkb35y1v9hfkw802l6j3xq-zulu-ca-jdk-11.0.24",
              "default": true
            }
          ],
          "store_path": "/nix/store/37hfzzxsxbvkb35y1v9hfkw802l6j3xq-zulu-ca-jdk-11.0.24"
        },
        "x86_64-darwin": {
          "outputs": [
            {
              "name": "out",
              "path": "/nix/store/kl9yv2dppl8cbj2zy23lm7n8gppv4sp5-zulu-ca-jdk-11.0.24",
              "default": true
            }
          ],
          "store_path": "/nix/store/kl9yv2dppl8cbj2zy23lm7n8gppv4sp5-zulu-ca-jdk-11.0.24"
        }
      }
    },
    "jq@latest": {
      "last_modified": "2026-01-26T13:12:53Z",
      "resolved": "github:NixOS/nixpkgs/13b0f9e6ac78abbbb736c635d87845c4f4bee51b#jq",
      "source": "devbox-search",
      "version": "1.8.1",
      "systems": {
        "aarch64-darwin": {
          "outputs": [
            {
              "name": "bin",
              "path": "/nix/store/qjs0qndyz1g97rsc1zp4cd692y5iph64-jq-1.8.1-bin",
              "default": true
            },
            {
              "name": "man",
              "path": "/nix/store/jlpyybc7pdh4gk17dc266d6a1szm7dk6-jq-1.8.1-man",
              "default": true
            },
            {
              "name": "dev",
              "path": "/nix/store/bhryp10d5w5h9rsav5k9m9jb55z26bsl-jq-1.8.1-dev"
            },
            {
              "name": "doc",
              "path": "/nix/store/238sn0gg3i3i9v6kgx4g1k6b19frzy49-jq-1.8.1-doc"
            },
            {
              "name": "out",
              "path": "/nix/store/n64h0247s3674kry90l6kszx06zyrgfn-jq-1.8.1"
            }
          ],
          "store_path": "/nix/store/qjs0qndyz1g97rsc1zp4cd692y5iph64-jq-1.8.1-bin"
        },
        "aarch64-linux": {
          "outputs": [
            {
              "name": "bin",
              "path": "/nix/store/c1qm5fsn6qbl09xdjx649vifabypyywd-jq-1.8.1-bin",
              "default": true
            },
            {
              "name": "man",
              "path": "/nix/store/2pjwv0ab8nilrg1lvjazf9y9w6g6pk5y-jq-1.8.1-man",
              "default": true
            },
            {
              "name": "dev",
              "path": "/nix/store/2sy4y09ddbi64pbg4is078110z70jsdw-jq-1.8.1-dev"
            },
            {
              "name": "doc",
              "path": "/nix/store/vx81xggapqwdd2l64mmxrkbafih461jc-jq-1.8.1-doc"
            },
            {
              "name": "out",
              "path": "/nix/store/cfhajjz1k7gf31krbj18q9acb54xp5z9-jq-1.8.1"
            }
          ],
          "store_path": "/nix/store/c1qm5fsn6qbl09xdjx649vifabypyywd-jq-1.8.1-bin"
        },
        "x86_64-darwin": {
          "outputs": [
            {
              "name": "bin",
              "path": "/nix/store/51343hgchh7by4l8r1g244ma05ny3x0b-jq-1.8.1-bin",
              "default": true
            },
            {
              "name": "man",
              "path": "/nix/store/vx840ik1sj1h8fhqwa40aglvrgpa0r18-jq-1.8.1-man",
              "default": true
            },
            {
              "name": "dev",
              "path": "/nix/store/pp2hrljvalrrwyxh7is69nnlmxb2m7lk-jq-1.8.1-dev"
            },
            {
              "name": "doc",
              "path": "/nix/store/h05xaf7fsasgp8cpyar2195cc8lbgih8-jq-1.8.1-doc"
            },
            {
              "name": "out",
              "path": "/nix/store/bmg2xfw86wavg7fm062nyf6v48xzxh0j-jq-1.8.1"
            }
          ],
          "store_path": "/nix/store/51343hgchh7by4l8r1g244ma05ny3x0b-jq-1.8.1-bin"
        },
        "x86_64-linux": {
          "outputs": [
            {
              "name": "bin",
              "path": "/nix/store/qnaw7i777j52fpgbl5pgmzkq85znp083-jq-1.8.1-bin",
              "default": true
            },
            {
              "name": "man",
              "path": "/nix/store/6mh88qsh57ivh31c5nqxc43n0hv9xhbk-jq-1.8.1-man",
              "default": true
            },
            {
              "name": "dev",
              "path": "/nix/store/d73i1fvhrqms0sbfrvqaynsr8iva216v-jq-1.8.1-dev"
            },
            {
              "name": "doc",
              "path": "/nix/store/3ynrp4ypwv1g1jgsk638443p8lpd9g8f-jq-1.8.1-doc"
            },
            {
              "name": "out",
              "path": "/nix/store/fgsvqffyvcpjqs093wwf2d6dzxnmnqnv-jq-1.8.1"
            }
          ],
          "store_path": "/nix/store/qnaw7i777j52fpgbl5pgmzkq85znp083-jq-1.8.1-bin"
        }
      }
    },
    "libxml2@latest": {
      "last_modified": "2026-03-05T09:48:44Z",
      "resolved": "github:NixOS/nixpkgs/289c8a834fbf87af1f01cb78f479537ef5219a0b#libxml2",
      "source": "devbox-search",
      "version": "2.15.1",
      "systems": {
        "aarch64-darwin": {
          "outputs": [
            {
              "name": "bin",
              "path": "/nix/store/fcfi7wlkcdnf5lbc9gd2rsinvdahv5q2-libxml2-2.15.1-bin",
              "default": true
            },
            {
              "name": "dev",
              "path": "/nix/store/9vv2cnrg78a34207sqkrzx3smnkdz42x-libxml2-2.15.1-dev"
            },
            {
              "name": "out",
              "path": "/nix/store/b9cc33qd9n38q9g98p9hiclnd25z21zj-libxml2-2.15.1"
            }
          ],
          "store_path": "/nix/store/fcfi7wlkcdnf5lbc9gd2rsinvdahv5q2-libxml2-2.15.1-bin"
        },
        "aarch64-linux": {
          "outputs": [
            {
              "name": "bin",
              "path": "/nix/store/kplhn4yigwq305fg4x7ixvfbrcb19gwf-libxml2-2.15.1-bin",
              "default": true
            },
            {
              "name": "dev",
              "path": "/nix/store/3y1489p8x85cshsnmbvprwwj58x1da5r-libxml2-2.15.1-dev"
            },
            {
              "name": "out",
              "path": "/nix/store/mzqa3bl4lf29x18gxr6nkcimbls4aizy-libxml2-2.15.1"
            }
          ],
          "store_path": "/nix/store/kplhn4yigwq305fg4x7ixvfbrcb19gwf-libxml2-2.15.1-bin"
        },
        "x86_64-darwin": {
          "outputs": [
            {
              "name": "bin",
              "path": "/nix/store/0kpvws3h5linjw3g1as2gxsdp0h2n7qq-libxml2-2.15.1-bin",
              "default": true
            },
            {
              "name": "dev",
              "path": "/nix/store/wq5py7lzk1b4rvz35g7dilcmylhdghwd-libxml2-2.15.1-dev"
            },
            {
              "name": "out",
              "path": "/nix/store/wavd09hv269qzms6m60lq3kyyxhzbrw9-libxml2-2.15.1"
            }
          ],
          "store_path": "/nix/store/0kpvws3h5linjw3g1as2gxsdp0h2n7qq-libxml2-2.15.1-bin"
        },
        "x86_64-linux": {
          "outputs": [
            {
              "name": "bin",
              "path": "/nix/store/4krj3d6h2xpcdc6a2hphr2i4k6rab9kc-libxml2-2.15.1-bin",
              "default": true
            },
            {
              "name": "dev",
              "path": "/nix/store/1f6917ky6w2gghw63myngxr2zq2zh8rm-libxml2-2.15.1-dev"
            },
            {
              "name": "out",
              "path": "/nix/store/l3gqwj9zk4xgqv9kxfkvx9qc51m8j8x3-libxml2-2.15.1"
            }
          ],
          "store_path": "/nix/store/4krj3d6h2xpcdc6a2hphr2i4k6rab9kc-libxml2-2.15.1-bin"
        }
      }
    },
    "libyaml.dev": {
      "resolved": "github:NixOS/nixpkgs/ed142ab1b3a092c4d149245d0c4126a5d7ea00b0#libyaml.dev",
      "source": "nixpkg"
    },
    "libyaml@0.2.5": {
      "last_modified": "2026-03-02T11:03:52Z",
      "resolved": "github:NixOS/nixpkgs/dc7513872406b53d2ff417a003895d6daffdff2f#libyaml",
      "source": "devbox-search",
      "version": "0.2.5",
      "systems": {
        "aarch64-darwin": {
          "outputs": [
            {
              "name": "out",
              "path": "/nix/store/9rpbw860hyh557mbixp64nyjfc3kmgq3-libyaml-0.2.5",
              "default": true
            },
            {
              "name": "dev",
              "path": "/nix/store/s8hjnd8fja4mbgxqpqpfylrcwqjbl7lr-libyaml-0.2.5-dev"
            }
          ],
          "store_path": "/nix/store/9rpbw860hyh557mbixp64nyjfc3kmgq3-libyaml-0.2.5"
        },
        "aarch64-linux": {
          "outputs": [
            {
              "name": "out",
              "path": "/nix/store/aifkbwjg6mpx0mnj1mxapn27180xk9mw-libyaml-0.2.5",
              "default": true
            },
            {
              "name": "dev",
              "path": "/nix/store/avs59c0d4akhqkv0bl7kckdlq76vhbnf-libyaml-0.2.5-dev"
            }
          ],
          "store_path": "/nix/store/aifkbwjg6mpx0mnj1mxapn27180xk9mw-libyaml-0.2.5"
        },
        "x86_64-darwin": {
          "outputs": [
            {
              "name": "out",
              "path": "/nix/store/887kh7qvphlahg8a14yaxlzppah708w7-libyaml-0.2.5",
              "default": true
            },
            {
              "name": "dev",
              "path": "/nix/store/78l9yzd4rypcwkdk9i2barrbrl6fn6hv-libyaml-0.2.5-dev"
            }
          ],
          "store_path": "/nix/store/887kh7qvphlahg8a14yaxlzppah708w7-libyaml-0.2.5"
        },
        "x86_64-linux": {
          "outputs": [
            {
              "name": "out",
              "path": "/nix/store/j3m1hkyd8sdw19qzshaw6zj8y6djinyf-libyaml-0.2.5",
              "default": true
            },
            {
              "name": "dev",
              "path": "/nix/store/gh2llky7ym0031r5dzysqmrzpmdyfx1n-libyaml-0.2.5-dev"
            }
          ],
          "store_path": "/nix/store/j3m1hkyd8sdw19qzshaw6zj8y6djinyf-libyaml-0.2.5"
        }
      }
    },
    "nodejs@24": {
      "last_modified": "2025-12-27T12:56:01Z",
      "plugin_version": "0.0.2",
      "resolved": "github:NixOS/nixpkgs/3edc4a30ed3903fdf6f90c837f961fa6b49582d1#nodejs_24",
      "source": "devbox-search",
      "version": "24.12.0",
      "systems": {
        "aarch64-darwin": {
          "outputs": [
            {
              "name": "out",
              "path": "/nix/store/b1h0af3yb3z9jz048phclcqw6ihiww67-nodejs-24.12.0",
              "default": true
            },
            {
              "name": "dev",
              "path": "/nix/store/ksn4nj0nbp0ikmh4scy9x4biqqdswwhy-nodejs-24.12.0-dev"
            },
            {
              "name": "libv8",
              "path": "/nix/store/3x72bm7l30ib7l7cximrp0sklcq8jqwy-nodejs-24.12.0-libv8"
            }
          ],
          "store_path": "/nix/store/b1h0af3yb3z9jz048phclcqw6ihiww67-nodejs-24.12.0"
        },
        "aarch64-linux": {
          "outputs": [
            {
              "name": "out",
              "path": "/nix/store/9jfsyhcr9c6rpm94lrkibv75jkggvwss-nodejs-24.12.0",
              "default": true
            },
            {
              "name": "dev",
              "path": "/nix/store/7izhv9x1yvsmyrhmmyps6bxjjclajm80-nodejs-24.12.0-dev"
            },
            {
              "name": "libv8",
              "path": "/nix/store/8hl74pnc1qyz68rg10ixw7fz32hcxqkk-nodejs-24.12.0-libv8"
            }
          ],
          "store_path": "/nix/store/9jfsyhcr9c6rpm94lrkibv75jkggvwss-nodejs-24.12.0"
        },
        "x86_64-darwin": {
          "outputs": [
            {
              "name": "out",
              "path": "/nix/store/cj1243xswxvnwgifyiyg8axhn0r2vl48-nodejs-24.12.0",
              "default": true
            },
            {
              "name": "dev",
              "path": "/nix/store/kzia3rkaf9vwpn3py23q9v49jpjm6zx7-nodejs-24.12.0-dev"
            },
            {
              "name": "libv8",
              "path": "/nix/store/xszji81xj7ghjhz7jk0jkhb84nfwyd8f-nodejs-24.12.0-libv8"
            }
          ],
          "store_path": "/nix/store/cj1243xswxvnwgifyiyg8axhn0r2vl48-nodejs-24.12.0"
        },
        "x86_64-linux": {
          "outputs": [
            {
              "name": "out",
              "path": "/nix/store/9z1v3wyrxp6fpyzw21lcakd5w7aknzyc-nodejs-24.12.0",
              "default": true
            },
            {
              "name": "libv8",
              "path": "/nix/store/5yvx909wlis13qd2y1ahwl7ij21ma69a-nodejs-24.12.0-libv8"
            },
            {
              "name": "dev",
              "path": "/nix/store/7ll99p08gmpg0n048669p80zjibl5akr-nodejs-24.12.0-dev"
            }
          ],
          "store_path": "/nix/store/9z1v3wyrxp6fpyzw21lcakd5w7aknzyc-nodejs-24.12.0"
        }
      }
    },
    "pkg-config@latest": {
      "last_modified": "2025-11-23T21:50:36Z",
      "resolved": "github:NixOS/nixpkgs/ee09932cedcef15aaf476f9343d1dea2cb77e261#pkg-config",
      "source": "devbox-search",
      "version": "0.29.2",
      "systems": {
        "aarch64-darwin": {
          "outputs": [
            {
              "name": "out",
              "path": "/nix/store/hygaaqwk9ylklp0ybwppqhw75nz8ya41-pkg-config-wrapper-0.29.2",
              "default": true
            },
            {
              "name": "man",
              "path": "/nix/store/9px0sji43x3r2w4zxl3j3idwsql7lwxx-pkg-config-wrapper-0.29.2-man",
              "default": true
            },
            {
              "name": "doc",
              "path": "/nix/store/hqk44ra6qxw7iixardl6c3hdgb9kq6ns-pkg-config-wrapper-0.29.2-doc"
            }
          ],
          "store_path": "/nix/store/hygaaqwk9ylklp0ybwppqhw75nz8ya41-pkg-config-wrapper-0.29.2"
        },
        "aarch64-linux": {
          "outputs": [
            {
              "name": "out",
              "path": "/nix/store/lbiigi8qbp7mzf1lpr7p982l1kyf01ql-pkg-config-wrapper-0.29.2",
              "default": true
            },
            {
              "name": "man",
              "path": "/nix/store/10060k24qggqyzlwdsfmni9y32zxcg0j-pkg-config-wrapper-0.29.2-man",
              "default": true
            },
            {
              "name": "doc",
              "path": "/nix/store/0y4v51ndpyvkj09hwlfqkz0c3h17zfmc-pkg-config-wrapper-0.29.2-doc"
            }
          ],
          "store_path": "/nix/store/lbiigi8qbp7mzf1lpr7p982l1kyf01ql-pkg-config-wrapper-0.29.2"
        },
        "x86_64-darwin": {
          "outputs": [
            {
              "name": "out",
              "path": "/nix/store/vknadizq0q5kffvx6y4379p9gdry9zq3-pkg-config-wrapper-0.29.2",
              "default": true
            },
            {
              "name": "man",
              "path": "/nix/store/1nyspra675q22gfhf7hn2nmfpi6rgim5-pkg-config-wrapper-0.29.2-man",
              "default": true
            },
            {
              "name": "doc",
              "path": "/nix/store/7lq1axxwrafwljs06n88bzyz9w523rkc-pkg-config-wrapper-0.29.2-doc"
            }
          ],
          "store_path": "/nix/store/vknadizq0q5kffvx6y4379p9gdry9zq3-pkg-config-wrapper-0.29.2"
        },
        "x86_64-linux": {
          "outputs": [
            {
              "name": "out",
              "path": "/nix/store/8vdiwpbh0g4avsd6x5v4s0di32vcl3dp-pkg-config-wrapper-0.29.2",
              "default": true
            },
            {
              "name": "man",
              "path": "/nix/store/j9xfpnrygg3v37svc5pfin9q5bm49r94-pkg-config-wrapper-0.29.2-man",
              "default": true
            },
            {
              "name": "doc",
              "path": "/nix/store/x3bypxdxaq20kykybhkf21x4jczsiy8y-pkg-config-wrapper-0.29.2-doc"
            }
          ],
          "store_path": "/nix/store/8vdiwpbh0g4avsd6x5v4s0di32vcl3dp-pkg-config-wrapper-0.29.2"
        }
      }
    },
    "postgresql@15.7": {
      "last_modified": "2024-08-14T02:42:29Z",
      "plugin_version": "0.0.2",
      "resolved": "github:NixOS/nixpkgs/daf7bb95821b789db24fc1ac21f613db0c1bf2cb#postgresql",
      "source": "devbox-search",
      "version": "15.7",
      "systems": {
        "aarch64-darwin": {
          "outputs": [
            {
              "name": "out",
              "path": "/nix/store/j063gkab0kj312p0r5wlwh8hhs3ivmmv-postgresql-15.7",
              "default": true
            },
            {
              "name": "man",
              "path": "/nix/store/83zyb6qnvn85ilfb4g03yr8zjnc4kw5c-postgresql-15.7-man",
              "default": true
            },
            {
              "name": "doc",
              "path": "/nix/store/w98l40gkbw15cxjajs9wr9aaz1zqq8pv-postgresql-15.7-doc"
            },
            {
              "name": "lib",
              "path": "/nix/store/2lqmjj3nwingqsajwgwym4jjl1plqrxd-postgresql-15.7-lib"
            }
          ],
          "store_path": "/nix/store/j063gkab0kj312p0r5wlwh8hhs3ivmmv-postgresql-15.7"
        },
        "aarch64-linux": {
          "outputs": [
            {
              "name": "out",
              "path": "/nix/store/bm08f8k2gyndfq1mszvdm07jnmwr6nlf-postgresql-15.7",
              "default": true
            },
            {
              "name": "man",
              "path": "/nix/store/yd6qvs38zm55271230hfn4j0rd4029ca-postgresql-15.7-man",
              "default": true
            },
            {
              "name": "debug",
              "path": "/nix/store/m8kdahlx418v1x8pvbjja5zbl8ix4hff-postgresql-15.7-debug"
            },
            {
              "name": "doc",
              "path": "/nix/store/nw2ng4sh1vzih1rrfzlivd2c7ifh9zm2-postgresql-15.7-doc"
            },
            {
              "name": "lib",
              "path": "/nix/store/fvs07mhcygpwy41jhw34kq7ghlcnv4nf-postgresql-15.7-lib"
            }
          ],
          "store_path": "/nix/store/bm08f8k2gyndfq1mszvdm07jnmwr6nlf-postgresql-15.7"
        },
        "x86_64-darwin": {
          "outputs": [
            {
              "name": "out",
              "path": "/nix/store/q4h9xjc0804xkcb0l7kxmp8rbqadlpg9-postgresql-15.7",
              "default": true
            },
            {
              "name": "man",
              "path": "/nix/store/22xrk7r5c4bh12wnmh4xssd1xk06b96l-postgresql-15.7-man",
              "default": true
            },
            {
              "name": "doc",
              "path": "/nix/store/4ynkh5cclgi0jcg42868z764irl32dx3-postgresql-15.7-doc"
            },
            {
              "name": "lib",
              "path": "/nix/store/4bqzgkyvzc7c7i955raibmaqabffsi4y-postgresql-15.7-lib"
            }
          ],
          "store_path": "/nix/store/q4h9xjc0804xkcb0l7kxmp8rbqadlpg9-postgresql-15.7"
        },
        "x86_64-linux": {
          "outputs": [
            {
              "name": "out",
              "path": "/nix/store/8gr5ybhmdkafii5idcg57p66nk1qd6sf-postgresql-15.7",
              "default": true
            },
            {
              "name": "man",
              "path": "/nix/store/0j6lskwq3imd8gdwy5rz9sjmn3c41qbc-postgresql-15.7-man",
              "default": true
            },
            {
              "name": "debug",
              "path": "/nix/store/xw1fhj72fzrlkvapaf1spx19ixqm7394-postgresql-15.7-debug"
            },
            {
              "name": "doc",
              "path": "/nix/store/01snq9n6ka7zkb4dp7k639mbb5p0v5qi-postgresql-15.7-doc"
            },
            {
              "name": "lib",
              "path": "/nix/store/9xj29q1wf5wazv63hn5dxlwsp8k3h5lc-postgresql-15.7-lib"
            }
          ],
          "store_path": "/nix/store/8gr5ybhmdkafii5idcg57p66nk1qd6sf-postgresql-15.7"
        }
      }
    },
    "ruby@3.3.2": {
      "last_modified": "2024-07-28T04:39:20Z",
      "plugin_version": "0.0.2",
      "resolved": "github:NixOS/nixpkgs/038fb464fcfa79b4f08131b07f2d8c9a6bcc4160#ruby_3_3",
      "source": "devbox-search",
      "version": "3.3.2",
      "systems": {
        "aarch64-darwin": {
          "outputs": [
            {
              "name": "out",
              "path": "/nix/store/qfaw55crdlvajfkpmybjfq4cfmbmm86r-ruby-3.3.2",
              "default": true
            },
            {
              "name": "devdoc",
              "path": "/nix/store/vsda7rk49jvwcpjzlxdw13yibvdgjhqd-ruby-3.3.2-devdoc"
            }
          ],
          "store_path": "/nix/store/qfaw55crdlvajfkpmybjfq4cfmbmm86r-ruby-3.3.2"
        },
        "aarch64-linux": {
          "outputs": [
            {
              "name": "out",
              "path": "/nix/store/q4jhbigza58sb5bbsygirw3g8ffx567g-ruby-3.3.2",
              "default": true
            },
            {
              "name": "devdoc",
              "path": "/nix/store/532fwakiad4xajmmgrjqmvyn1r90n1a0-ruby-3.3.2-devdoc"
            }
          ],
          "store_path": "/nix/store/q4jhbigza58sb5bbsygirw3g8ffx567g-ruby-3.3.2"
        },
        "x86_64-darwin": {
          "outputs": [
            {
              "name": "out",
              "path": "/nix/store/5vhq60d1wylzfj47m9lx788zgx95dl8h-ruby-3.3.2",
              "default": true
            },
            {
              "name": "devdoc",
              "path": "/nix/store/czvcsmhn6nf9j7mwlj2g94cqk3sldayv-ruby-3.3.2-devdoc"
            }
          ],
          "store_path": "/nix/store/5vhq60d1wylzfj47m9lx788zgx95dl8h-ruby-3.3.2"
        },
        "x86_64-linux": {
          "outputs": [
            {
              "name": "out",
              "path": "/nix/store/mlmfwq1bxcbnww5szh5c1kmlzq13pqbr-ruby-3.3.2",
              "default": true
            },
            {
              "name": "devdoc",
              "path": "/nix/store/6bnh1i13ggkwly1kahmv7mfmi0gywx64-ruby-3.3.2-devdoc"
            }
          ],
          "store_path": "/nix/store/mlmfwq1bxcbnww5szh5c1kmlzq13pqbr-ruby-3.3.2"
        }
      }
    },
    "selenium-manager@latest": {
      "last_modified": "2026-02-23T15:40:43Z",
      "resolved": "github:NixOS/nixpkgs/80d901ec0377e19ac3f7bb8c035201e2e098cc97#selenium-manager",
      "source": "devbox-search",
      "version": "4.40.0",
      "systems": {
        "aarch64-darwin": {
          "outputs": [
            {
              "name": "out",
              "path": "/nix/store/xq4w3ynbyc2ypyi2mscdf9g65q67p133-selenium-manager-4.40.0",
              "default": true
            }
          ],
          "store_path": "/nix/store/xq4w3ynbyc2ypyi2mscdf9g65q67p133-selenium-manager-4.40.0"
        },
        "aarch64-linux": {
          "outputs": [
            {
              "name": "out",
              "path": "/nix/store/1f2j5xpxvlm973s0m7ff7ffb97ml8k2a-selenium-manager-4.40.0",
              "default": true
            }
          ],
          "store_path": "/nix/store/1f2j5xpxvlm973s0m7ff7ffb97ml8k2a-selenium-manager-4.40.0"
        },
        "x86_64-darwin": {
          "outputs": [
            {
              "name": "out",
              "path": "/nix/store/7pl0hxpcfma3mkqncxpdzyq237iw2szp-selenium-manager-4.40.0",
              "default": true
            }
          ],
          "store_path": "/nix/store/7pl0hxpcfma3mkqncxpdzyq237iw2szp-selenium-manager-4.40.0"
        },
        "x86_64-linux": {
          "outputs": [
            {
              "name": "out",
              "path": "/nix/store/8ljzz874g2nqhj080hxypfbvfgvikrsk-selenium-manager-4.40.0",
              "default": true
            }
          ],
          "store_path": "/nix/store/8ljzz874g2nqhj080hxypfbvfgvikrsk-selenium-manager-4.40.0"
        }
      }
    },
    "stdenv": {
      "resolved": "github:NixOS/nixpkgs/ed142ab1b3a092c4d149245d0c4126a5d7ea00b0#stdenv",
      "source": "nixpkg"
    },
    "xmlsec@latest": {
      "last_modified": "2026-02-23T15:40:43Z",
      "resolved": "github:NixOS/nixpkgs/80d901ec0377e19ac3f7bb8c035201e2e098cc97#xmlsec",
      "source": "devbox-search",
      "version": "1.3.7",
      "systems": {
        "aarch64-darwin": {
          "outputs": [
            {
              "name": "out",
              "path": "/nix/store/95n9pgzmbprrd49qq568p23ca0s97mjh-xmlsec-1.3.7",
              "default": true
            },
            {
              "name": "dev",
              "path": "/nix/store/ra6js0r58l44sgn3l2ir6l65vl444h12-xmlsec-1.3.7-dev"
            }
          ],
          "store_path": "/nix/store/95n9pgzmbprrd49qq568p23ca0s97mjh-xmlsec-1.3.7"
        },
        "aarch64-linux": {
          "outputs": [
            {
              "name": "out",
              "path": "/nix/store/8nl87pa53xxw52hhcnmgzq5wjv2dw3qr-xmlsec-1.3.7",
              "default": true
            },
            {
              "name": "dev",
              "path": "/nix/store/vyzkng0aabvdx82zn6m7zmy7q1pfwx2i-xmlsec-1.3.7-dev"
            }
          ],
          "store_path": "/nix/store/8nl87pa53xxw52hhcnmgzq5wjv2dw3qr-xmlsec-1.3.7"
        },
        "x86_64-darwin": {
          "outputs": [
            {
              "name": "out",
              "path": "/nix/store/hs6x0d4ykfawpqks1j3ws0bbvxd7drvp-xmlsec-1.3.7",
              "default": true
            },
            {
              "name": "dev",
              "path": "/nix/store/q1859vgrqr9m81haffarsz1xbb0gq6m1-xmlsec-1.3.7-dev"
            }
          ],
          "store_path": "/nix/store/hs6x0d4ykfawpqks1j3ws0bbvxd7drvp-xmlsec-1.3.7"
        },
        "x86_64-linux": {
          "outputs": [
            {
              "name": "out",
              "path": "/nix/store/r6k0g9agqm2w3vjlhcr76nlrc92nlxb4-xmlsec-1.3.7",
              "default": true
            },
            {
              "name": "dev",
              "path": "/nix/store/fm61qwk5al4n2jhsgwl4jwdg1yahx3bv-xmlsec-1.3.7-dev"
            }
          ],
          "store_path": "/nix/store/r6k0g9agqm2w3vjlhcr76nlrc92nlxb4-xmlsec-1.3.7"
        }
      }
    },
    "yarn@1.22.19": {
      "last_modified": "2024-03-08T13:51:52Z",
      "resolved": "github:NixOS/nixpkgs/a343533bccc62400e8a9560423486a3b6c11a23b#yarn",
      "source": "devbox-search",
      "version": "1.22.19",
      "systems": {
        "aarch64-darwin": {
          "outputs": [
            {
              "name": "out",
              "path": "/nix/store/7r6llb2c10y2vhg7jccynzif8g9zdvbi-yarn-1.22.19",
              "default": true
            }
          ],
          "store_path": "/nix/store/7r6llb2c10y2vhg7jccynzif8g9zdvbi-yarn-1.22.19"
        },
        "aarch64-linux": {
          "outputs": [
            {
              "name": "out",
              "path": "/nix/store/6xvv5b8wpxqfl56mssavl7yg29p962ss-yarn-1.22.19",
              "default": true
            }
          ],
          "store_path": "/nix/store/6xvv5b8wpxqfl56mssavl7yg29p962ss-yarn-1.22.19"
        },
        "x86_64-darwin": {
          "outputs": [
            {
              "name": "out",
              "path": "/nix/store/467zg6l9icqbjgpqar4i2xzyzzz87a63-yarn-1.22.19",
              "default": true
            }
          ],
          "store_path": "/nix/store/467zg6l9icqbjgpqar4i2xzyzzz87a63-yarn-1.22.19"
        },
        "x86_64-linux": {
          "outputs": [
            {
              "name": "out",
              "path": "/nix/store/iscnp03q7lm8fsyq0ahajl6dlb8msdb9-yarn-1.22.19",
              "default": true
            }
          ],
          "store_path": "/nix/store/iscnp03q7lm8fsyq0ahajl6dlb8msdb9-yarn-1.22.19"
        }
      }
    }
  }
}
