{
  "lockfile_version": "1",
  "packages": {
    "chromedriver@latest": {
      "last_modified": "2026-01-15T05:51:10Z",
      "resolved": "github:NixOS/nixpkgs/f4606b01b39e09065df37905a2133905246db9ed#chromedriver",
      "source": "devbox-search",
      "version": "144.0.7559.60",
      "systems": {
        "aarch64-darwin": {
          "outputs": [
            {
              "name": "out",
              "path": "/nix/store/mjwbzbla3h7gmaihw9idx4fqzfqlgsaa-chromedriver-144.0.7559.60",
              "default": true
            }
          ],
          "store_path": "/nix/store/mjwbzbla3h7gmaihw9idx4fqzfqlgsaa-chromedriver-144.0.7559.60"
        },
        "x86_64-darwin": {
          "outputs": [
            {
              "name": "out",
              "path": "/nix/store/9vmq8c1hjiaf5n7lpl27isszgrmlhadr-chromedriver-144.0.7559.60",
              "default": true
            }
          ],
          "store_path": "/nix/store/9vmq8c1hjiaf5n7lpl27isszgrmlhadr-chromedriver-144.0.7559.60"
        }
      }
    },
    "git@latest": {
      "last_modified": "2025-12-31T03:27:36Z",
      "resolved": "github:NixOS/nixpkgs/f665af0cdb70ed27e1bd8f9fdfecaf451260fc55#git",
      "source": "devbox-search",
      "version": "2.52.0",
      "systems": {
        "aarch64-darwin": {
          "outputs": [
            {
              "name": "out",
              "path": "/nix/store/1xy62wrp3m91snd3cazxgg0yrplb6sav-git-2.52.0",
              "default": true
            },
            {
              "name": "doc",
              "path": "/nix/store/1518yqnr4z0p65jfv8skw2qwc30ad5la-git-2.52.0-doc"
            }
          ],
          "store_path": "/nix/store/1xy62wrp3m91snd3cazxgg0yrplb6sav-git-2.52.0"
        },
        "aarch64-linux": {
          "outputs": [
            {
              "name": "out",
              "path": "/nix/store/mfbr42w740arf759n51nhki221lang5z-git-2.52.0",
              "default": true
            },
            {
              "name": "debug",
              "path": "/nix/store/q0lq2fczq1y9q9028k4ripf38mfy3n42-git-2.52.0-debug"
            },
            {
              "name": "doc",
              "path": "/nix/store/lm1plgvh8qlv0amm8wiz8l00ky298hws-git-2.52.0-doc"
            }
          ],
          "store_path": "/nix/store/mfbr42w740arf759n51nhki221lang5z-git-2.52.0"
        },
        "x86_64-darwin": {
          "outputs": [
            {
              "name": "out",
              "path": "/nix/store/0lxp1s4hb0xb0di1a5jg08rr8hk0cvz8-git-2.52.0",
              "default": true
            },
            {
              "name": "doc",
              "path": "/nix/store/a9903b6q3clvx61l8drkpr262fb5qmik-git-2.52.0-doc"
            }
          ],
          "store_path": "/nix/store/0lxp1s4hb0xb0di1a5jg08rr8hk0cvz8-git-2.52.0"
        },
        "x86_64-linux": {
          "outputs": [
            {
              "name": "out",
              "path": "/nix/store/fryiyyhhilpqhx2wc4b6l5gnxc8w18rg-git-2.52.0",
              "default": true
            },
            {
              "name": "debug",
              "path": "/nix/store/q6m51s4q8kddlh9b9rb63v1yqvlv3xgp-git-2.52.0-debug"
            },
            {
              "name": "doc",
              "path": "/nix/store/n4zq81winwf8d5y2ra7fjznwl6cnhggz-git-2.52.0-doc"
            }
          ],
          "store_path": "/nix/store/fryiyyhhilpqhx2wc4b6l5gnxc8w18rg-git-2.52.0"
        }
      }
    },
    "github:NixOS/nixpkgs/nixpkgs-unstable": {
      "last_modified": "2026-01-20T02:11:35Z",
      "resolved": "github:NixOS/nixpkgs/ed142ab1b3a092c4d149245d0c4126a5d7ea00b0?lastModified=1768875095"
    },
    "glibcLocales@latest": {
      "last_modified": "2025-12-31T03:27:36Z",
      "resolved": "github:NixOS/nixpkgs/f665af0cdb70ed27e1bd8f9fdfecaf451260fc55#glibcLocales",
      "source": "devbox-search",
      "version": "2.40-66",
      "systems": {
        "aarch64-linux": {
          "outputs": [
            {
              "name": "out",
              "path": "/nix/store/0mrra8k6h7dvs6dmq3f4ilsm0v33d01z-glibc-locales-2.40-66",
              "default": true
            }
          ],
          "store_path": "/nix/store/0mrra8k6h7dvs6dmq3f4ilsm0v33d01z-glibc-locales-2.40-66"
        },
        "x86_64-linux": {
          "outputs": [
            {
              "name": "out",
              "path": "/nix/store/wmwyf3bxrhg5ssd477dp99986wh4mzmm-glibc-locales-2.40-66",
              "default": true
            }
          ],
          "store_path": "/nix/store/wmwyf3bxrhg5ssd477dp99986wh4mzmm-glibc-locales-2.40-66"
        }
      }
    },
    "jdk@latest": {
      "last_modified": "2025-10-22T20:59:19Z",
      "resolved": "github:NixOS/nixpkgs/01b6809f7f9d1183a2b3e081f0a1e6f8f415cb09#jdk8",
      "source": "devbox-search",
      "version": "8u462-b08",
      "systems": {
        "aarch64-darwin": {
          "outputs": [
            {
              "path": "/nix/store/v3ai1d3qh7qsg79ynx84pi7ay3vy65x2-zulu-ca-jdk-8.0.422",
              "default": true
            }
          ]
        },
        "aarch64-linux": {
          "outputs": [
            {
              "name": "out",
              "path": "/nix/store/idp53w87pn9034h0b68awnlc9shivzhk-openjdk-8u462-b08",
              "default": true
            },
            {
              "name": "debug",
              "path": "/nix/store/rhcz737cn17p57wh0wk4yqymw6zq47hp-openjdk-8u462-b08-debug"
            },
            {
              "name": "jre",
              "path": "/nix/store/74j8f70zx32avncnv4sv6qm8azmhff97-openjdk-8u462-b08-jre"
            }
          ],
          "store_path": "/nix/store/idp53w87pn9034h0b68awnlc9shivzhk-openjdk-8u462-b08"
        },
        "x86_64-linux": {
          "outputs": [
            {
              "name": "out",
              "path": "/nix/store/g0vld0dg3dn5666ysjlh8i38qfhx2ndq-openjdk-8u462-b08",
              "default": true
            },
            {
              "name": "debug",
              "path": "/nix/store/wb839j89598cdl5ygqqh9r9lgcbcivgm-openjdk-8u462-b08-debug"
            },
            {
              "name": "jre",
              "path": "/nix/store/py8pqmb01c1qs5779b7lf8r9wrnf0mgb-openjdk-8u462-b08-jre"
            }
          ],
          "store_path": "/nix/store/g0vld0dg3dn5666ysjlh8i38qfhx2ndq-openjdk-8u462-b08"
        }
      }
    },
    "libyaml@latest": {
      "last_modified": "2025-12-31T03:27:36Z",
      "resolved": "github:NixOS/nixpkgs/f665af0cdb70ed27e1bd8f9fdfecaf451260fc55#libyaml",
      "source": "devbox-search",
      "version": "0.2.5",
      "systems": {
        "aarch64-darwin": {
          "outputs": [
            {
              "name": "out",
              "path": "/nix/store/p5g9y0fwkdf9xjzfszgcm20rrwryxiq9-libyaml-0.2.5",
              "default": true
            },
            {
              "name": "dev",
              "path": "/nix/store/7n0q68q8376b580541l08igzj93y7fp2-libyaml-0.2.5-dev"
            }
          ],
          "store_path": "/nix/store/p5g9y0fwkdf9xjzfszgcm20rrwryxiq9-libyaml-0.2.5"
        },
        "aarch64-linux": {
          "outputs": [
            {
              "name": "out",
              "path": "/nix/store/cc4g0vs12zcczhj33kfbsz1db4lf67bk-libyaml-0.2.5",
              "default": true
            },
            {
              "name": "dev",
              "path": "/nix/store/inx8kann422k28pnwd16w7fg6bf9q7hz-libyaml-0.2.5-dev"
            }
          ],
          "store_path": "/nix/store/cc4g0vs12zcczhj33kfbsz1db4lf67bk-libyaml-0.2.5"
        },
        "x86_64-darwin": {
          "outputs": [
            {
              "name": "out",
              "path": "/nix/store/2jg44iph07nwlzjhda7jw3wl4fb8h8la-libyaml-0.2.5",
              "default": true
            },
            {
              "name": "dev",
              "path": "/nix/store/h5mjrhzj1da52z0hshdrw6di5c8h6bk4-libyaml-0.2.5-dev"
            }
          ],
          "store_path": "/nix/store/2jg44iph07nwlzjhda7jw3wl4fb8h8la-libyaml-0.2.5"
        },
        "x86_64-linux": {
          "outputs": [
            {
              "name": "out",
              "path": "/nix/store/f0ydndg4x7zpvm3dynhxr7wam5viyi2y-libyaml-0.2.5",
              "default": true
            },
            {
              "name": "dev",
              "path": "/nix/store/pi71irdw0lli7343fgg7gdf9nilba6xv-libyaml-0.2.5-dev"
            }
          ],
          "store_path": "/nix/store/f0ydndg4x7zpvm3dynhxr7wam5viyi2y-libyaml-0.2.5"
        }
      }
    },
    "nodejs@18.17.0": {
      "last_modified": "2023-08-08T11:45:39Z",
      "plugin_version": "0.0.2",
      "resolved": "github:NixOS/nixpkgs/4e6868b1aa3766ab1de169922bb3826143941973#nodejs_18",
      "source": "devbox-search",
      "version": "18.17.0",
      "systems": {
        "aarch64-darwin": {
          "outputs": [
            {
              "name": "out",
              "path": "/nix/store/3pmw2p5lhkl6g572n1gc2la32x97815c-nodejs-18.17.0",
              "default": true
            },
            {
              "name": "libv8",
              "path": "/nix/store/fqf5cfqvd38sj8ic1r4w5h32m9bf0av9-nodejs-18.17.0-libv8"
            }
          ],
          "store_path": "/nix/store/3pmw2p5lhkl6g572n1gc2la32x97815c-nodejs-18.17.0"
        },
        "aarch64-linux": {
          "outputs": [
            {
              "name": "out",
              "path": "/nix/store/673dfvz2cah0iis0f8m3d48mvcjg443c-nodejs-18.17.0",
              "default": true
            },
            {
              "name": "libv8",
              "path": "/nix/store/2dill76m75i6zck669mzfil4gzpvmxw8-nodejs-18.17.0-libv8"
            }
          ],
          "store_path": "/nix/store/673dfvz2cah0iis0f8m3d48mvcjg443c-nodejs-18.17.0"
        },
        "x86_64-darwin": {
          "outputs": [
            {
              "name": "out",
              "path": "/nix/store/ni8zx9aikqa833x2l6fxxg73202i4bjs-nodejs-18.17.0",
              "default": true
            },
            {
              "name": "libv8",
              "path": "/nix/store/1m9b5c23r0yj3kr0k3k2i8w4lgfxl1ps-nodejs-18.17.0-libv8"
            }
          ],
          "store_path": "/nix/store/ni8zx9aikqa833x2l6fxxg73202i4bjs-nodejs-18.17.0"
        },
        "x86_64-linux": {
          "outputs": [
            {
              "name": "out",
              "path": "/nix/store/5275fpjjrr73q80qbsag4ajnpyps4d1y-nodejs-18.17.0",
              "default": true
            },
            {
              "name": "libv8",
              "path": "/nix/store/gl2jjs3cisif3x1lvgnjgyjn14hv0waz-nodejs-18.17.0-libv8"
            }
          ],
          "store_path": "/nix/store/5275fpjjrr73q80qbsag4ajnpyps4d1y-nodejs-18.17.0"
        }
      }
    },
    "postgresql@15.7": {
      "last_modified": "2024-08-14T02:42:29Z",
      "plugin_version": "0.0.2",
      "resolved": "github:NixOS/nixpkgs/daf7bb95821b789db24fc1ac21f613db0c1bf2cb#postgresql",
      "source": "devbox-search",
      "version": "15.7",
      "systems": {
        "aarch64-darwin": {
          "outputs": [
            {
              "name": "out",
              "path": "/nix/store/j063gkab0kj312p0r5wlwh8hhs3ivmmv-postgresql-15.7",
              "default": true
            },
            {
              "name": "man",
              "path": "/nix/store/83zyb6qnvn85ilfb4g03yr8zjnc4kw5c-postgresql-15.7-man",
              "default": true
            },
            {
              "name": "doc",
              "path": "/nix/store/w98l40gkbw15cxjajs9wr9aaz1zqq8pv-postgresql-15.7-doc"
            },
            {
              "name": "lib",
              "path": "/nix/store/2lqmjj3nwingqsajwgwym4jjl1plqrxd-postgresql-15.7-lib"
            }
          ],
          "store_path": "/nix/store/j063gkab0kj312p0r5wlwh8hhs3ivmmv-postgresql-15.7"
        },
        "aarch64-linux": {
          "outputs": [
            {
              "name": "out",
              "path": "/nix/store/bm08f8k2gyndfq1mszvdm07jnmwr6nlf-postgresql-15.7",
              "default": true
            },
            {
              "name": "man",
              "path": "/nix/store/yd6qvs38zm55271230hfn4j0rd4029ca-postgresql-15.7-man",
              "default": true
            },
            {
              "name": "debug",
              "path": "/nix/store/m8kdahlx418v1x8pvbjja5zbl8ix4hff-postgresql-15.7-debug"
            },
            {
              "name": "doc",
              "path": "/nix/store/nw2ng4sh1vzih1rrfzlivd2c7ifh9zm2-postgresql-15.7-doc"
            },
            {
              "name": "lib",
              "path": "/nix/store/fvs07mhcygpwy41jhw34kq7ghlcnv4nf-postgresql-15.7-lib"
            }
          ],
          "store_path": "/nix/store/bm08f8k2gyndfq1mszvdm07jnmwr6nlf-postgresql-15.7"
        },
        "x86_64-darwin": {
          "outputs": [
            {
              "name": "out",
              "path": "/nix/store/q4h9xjc0804xkcb0l7kxmp8rbqadlpg9-postgresql-15.7",
              "default": true
            },
            {
              "name": "man",
              "path": "/nix/store/22xrk7r5c4bh12wnmh4xssd1xk06b96l-postgresql-15.7-man",
              "default": true
            },
            {
              "name": "doc",
              "path": "/nix/store/4ynkh5cclgi0jcg42868z764irl32dx3-postgresql-15.7-doc"
            },
            {
              "name": "lib",
              "path": "/nix/store/4bqzgkyvzc7c7i955raibmaqabffsi4y-postgresql-15.7-lib"
            }
          ],
          "store_path": "/nix/store/q4h9xjc0804xkcb0l7kxmp8rbqadlpg9-postgresql-15.7"
        },
        "x86_64-linux": {
          "outputs": [
            {
              "name": "out",
              "path": "/nix/store/8gr5ybhmdkafii5idcg57p66nk1qd6sf-postgresql-15.7",
              "default": true
            },
            {
              "name": "man",
              "path": "/nix/store/0j6lskwq3imd8gdwy5rz9sjmn3c41qbc-postgresql-15.7-man",
              "default": true
            },
            {
              "name": "debug",
              "path": "/nix/store/xw1fhj72fzrlkvapaf1spx19ixqm7394-postgresql-15.7-debug"
            },
            {
              "name": "doc",
              "path": "/nix/store/01snq9n6ka7zkb4dp7k639mbb5p0v5qi-postgresql-15.7-doc"
            },
            {
              "name": "lib",
              "path": "/nix/store/9xj29q1wf5wazv63hn5dxlwsp8k3h5lc-postgresql-15.7-lib"
            }
          ],
          "store_path": "/nix/store/8gr5ybhmdkafii5idcg57p66nk1qd6sf-postgresql-15.7"
        }
      }
    },
    "ruby@3.3.2": {
      "last_modified": "2024-07-28T04:39:20Z",
      "plugin_version": "0.0.2",
      "resolved": "github:NixOS/nixpkgs/038fb464fcfa79b4f08131b07f2d8c9a6bcc4160#ruby_3_3",
      "source": "devbox-search",
      "version": "3.3.2",
      "systems": {
        "aarch64-darwin": {
          "outputs": [
            {
              "name": "out",
              "path": "/nix/store/qfaw55crdlvajfkpmybjfq4cfmbmm86r-ruby-3.3.2",
              "default": true
            },
            {
              "name": "devdoc",
              "path": "/nix/store/vsda7rk49jvwcpjzlxdw13yibvdgjhqd-ruby-3.3.2-devdoc"
            }
          ],
          "store_path": "/nix/store/qfaw55crdlvajfkpmybjfq4cfmbmm86r-ruby-3.3.2"
        },
        "aarch64-linux": {
          "outputs": [
            {
              "name": "out",
              "path": "/nix/store/q4jhbigza58sb5bbsygirw3g8ffx567g-ruby-3.3.2",
              "default": true
            },
            {
              "name": "devdoc",
              "path": "/nix/store/532fwakiad4xajmmgrjqmvyn1r90n1a0-ruby-3.3.2-devdoc"
            }
          ],
          "store_path": "/nix/store/q4jhbigza58sb5bbsygirw3g8ffx567g-ruby-3.3.2"
        },
        "x86_64-darwin": {
          "outputs": [
            {
              "name": "out",
              "path": "/nix/store/5vhq60d1wylzfj47m9lx788zgx95dl8h-ruby-3.3.2",
              "default": true
            },
            {
              "name": "devdoc",
              "path": "/nix/store/czvcsmhn6nf9j7mwlj2g94cqk3sldayv-ruby-3.3.2-devdoc"
            }
          ],
          "store_path": "/nix/store/5vhq60d1wylzfj47m9lx788zgx95dl8h-ruby-3.3.2"
        },
        "x86_64-linux": {
          "outputs": [
            {
              "name": "out",
              "path": "/nix/store/mlmfwq1bxcbnww5szh5c1kmlzq13pqbr-ruby-3.3.2",
              "default": true
            },
            {
              "name": "devdoc",
              "path": "/nix/store/6bnh1i13ggkwly1kahmv7mfmi0gywx64-ruby-3.3.2-devdoc"
            }
          ],
          "store_path": "/nix/store/mlmfwq1bxcbnww5szh5c1kmlzq13pqbr-ruby-3.3.2"
        }
      }
    },
    "solr_8@latest": {
      "last_modified": "2022-05-03T02:40:48Z",
      "resolved": "github:NixOS/nixpkgs/24c33ab7952544ad355d0677c9eea931b23f371c#solr_8",
      "source": "devbox-search",
      "version": "8.6.3",
      "systems": {
        "aarch64-darwin": {
          "outputs": [
            {
              "path": "/nix/store/1v4l3xc0w0xxjxmmpjr01ik5kwy0ac6s-solr-8.6.3",
              "default": true
            }
          ]
        }
      }
    },
    "yarn@1.22.19": {
      "last_modified": "2024-03-08T13:51:52Z",
      "resolved": "github:NixOS/nixpkgs/a343533bccc62400e8a9560423486a3b6c11a23b#yarn",
      "source": "devbox-search",
      "version": "1.22.19",
      "systems": {
        "aarch64-darwin": {
          "outputs": [
            {
              "name": "out",
              "path": "/nix/store/7r6llb2c10y2vhg7jccynzif8g9zdvbi-yarn-1.22.19",
              "default": true
            }
          ],
          "store_path": "/nix/store/7r6llb2c10y2vhg7jccynzif8g9zdvbi-yarn-1.22.19"
        },
        "aarch64-linux": {
          "outputs": [
            {
              "name": "out",
              "path": "/nix/store/6xvv5b8wpxqfl56mssavl7yg29p962ss-yarn-1.22.19",
              "default": true
            }
          ],
          "store_path": "/nix/store/6xvv5b8wpxqfl56mssavl7yg29p962ss-yarn-1.22.19"
        },
        "x86_64-darwin": {
          "outputs": [
            {
              "name": "out",
              "path": "/nix/store/467zg6l9icqbjgpqar4i2xzyzzz87a63-yarn-1.22.19",
              "default": true
            }
          ],
          "store_path": "/nix/store/467zg6l9icqbjgpqar4i2xzyzzz87a63-yarn-1.22.19"
        },
        "x86_64-linux": {
          "outputs": [
            {
              "name": "out",
              "path": "/nix/store/iscnp03q7lm8fsyq0ahajl6dlb8msdb9-yarn-1.22.19",
              "default": true
            }
          ],
          "store_path": "/nix/store/iscnp03q7lm8fsyq0ahajl6dlb8msdb9-yarn-1.22.19"
        }
      }
    },
    "zookeeper@latest": {
      "last_modified": "2025-12-31T03:27:36Z",
      "resolved": "github:NixOS/nixpkgs/f665af0cdb70ed27e1bd8f9fdfecaf451260fc55#zookeeper",
      "source": "devbox-search",
      "version": "3.9.4",
      "systems": {
        "aarch64-darwin": {
          "outputs": [
            {
              "name": "out",
              "path": "/nix/store/2r8mwjrxh2dl5jfwqr1cm28z3x6a15s0-zookeeper-3.9.4",
              "default": true
            }
          ],
          "store_path": "/nix/store/2r8mwjrxh2dl5jfwqr1cm28z3x6a15s0-zookeeper-3.9.4"
        },
        "aarch64-linux": {
          "outputs": [
            {
              "name": "out",
              "path": "/nix/store/cv31fb9p772nvcwsz2w35sb1m7rfmmyx-zookeeper-3.9.4",
              "default": true
            }
          ],
          "store_path": "/nix/store/cv31fb9p772nvcwsz2w35sb1m7rfmmyx-zookeeper-3.9.4"
        },
        "x86_64-darwin": {
          "outputs": [
            {
              "name": "out",
              "path": "/nix/store/rjr1yacffl4cg22c1rdg9idhwjpz0bhk-zookeeper-3.9.4",
              "default": true
            }
          ],
          "store_path": "/nix/store/rjr1yacffl4cg22c1rdg9idhwjpz0bhk-zookeeper-3.9.4"
        },
        "x86_64-linux": {
          "outputs": [
            {
              "name": "out",
              "path": "/nix/store/0k40m3qvrkfpzamvjjv2qjfvbil00i8d-zookeeper-3.9.4",
              "default": true
            }
          ],
          "store_path": "/nix/store/0k40m3qvrkfpzamvjjv2qjfvbil00i8d-zookeeper-3.9.4"
        }
      }
    }
  }
}
